
Microsoft Visual Studio Solution File, Format Version 12.00
# Visual Studio Version 17
VisualStudioVersion = 17.1.32328.378
MinimumVisualStudioVersion = 10.0.40219.1
Project("{FAE04EC0-301F-11D3-BF4B-00C04F79EFBC}") = "CSharp.LabExercise1", "CSharp.LabExercise1.csproj", "{4D847665-CD62-4FD1-AB22-9D99B0535411}"
EndProject
Global
	GlobalSection(SolutionConfigurationPlatforms) = preSolution
		Debug|Any CPU = Debug|Any CPU
		Release|Any CPU = Release|Any CPU
	EndGlobalSection
	GlobalSection(ProjectConfigurationPlatforms) = postSolution
		{4D847665-CD62-4FD1-AB22-9D99B0535411}.Debug|Any CPU.ActiveCfg = Debug|Any CPU
		{4D847665-CD62-4FD1-AB22-9D99B0535411}.Debug|Any CPU.Build.0 = Debug|Any CPU
		{4D847665-CD62-4FD1-AB22-9D99B0535411}.Release|Any CPU.ActiveCfg = Release|Any CPU
		{4D847665-CD62-4FD1-AB22-9D99B0535411}.Release|Any CPU.Build.0 = Release|Any CPU
	EndGlobalSection
	GlobalSection(SolutionProperties) = preSolution
		HideSolutionNode = FALSE
	EndGlobalSection
	GlobalSection(ExtensibilityGlobals) = postSolution
		SolutionGuid = {E1CEB2C0-DF48-4471-AAC8-13C110FA6FB4}
	EndGlobalSection
EndGlobal
